
Microsoft Visual Studio Solution File, Format Version 12.00
# Visual Studio Version 16
VisualStudioVersion = 16.0.31321.278
MinimumVisualStudioVersion = 10.0.40219.1
Project("{FAE04EC0-301F-11D3-BF4B-00C04F79EFBC}") = "XOR_encoder", "XOR_encoder.csproj", "{94511529-CEAF-4624-A1C5-567225CA341E}"
EndProject
Global
	GlobalSection(SolutionConfigurationPlatforms) = preSolution
		Debug|Any CPU = Debug|Any CPU
		Release|Any CPU = Release|Any CPU
	EndGlobalSection
	GlobalSection(ProjectConfigurationPlatforms) = postSolution
		{94511529-CEAF-4624-A1C5-567225CA341E}.Debug|Any CPU.ActiveCfg = Debug|Any CPU
		{94511529-CEAF-4624-A1C5-567225CA341E}.Debug|Any CPU.Build.0 = Debug|Any CPU
		{94511529-CEAF-4624-A1C5-567225CA341E}.Release|Any CPU.ActiveCfg = Release|Any CPU
		{94511529-CEAF-4624-A1C5-567225CA341E}.Release|Any CPU.Build.0 = Release|Any CPU
	EndGlobalSection
	GlobalSection(SolutionProperties) = preSolution
		HideSolutionNode = FALSE
	EndGlobalSection
	GlobalSection(ExtensibilityGlobals) = postSolution
		SolutionGuid = {9C6DF6F8-B82E-44E7-BF47-2743522BB1E6}
	EndGlobalSection
EndGlobal
